
Microsoft Visual Studio Solution File, Format Version 12.00
# Visual Studio Version 17
VisualStudioVersion = 17.6.33829.357
MinimumVisualStudioVersion = 10.0.40219.1
Project("{FAE04EC0-301F-11D3-BF4B-00C04F79EFBC}") = "PosidoniaSaver", "PosidoniaSaver.csproj", "{D79BEBCC-D4DB-4A68-8608-1097242C23FF}"
EndProject
Global
	GlobalSection(SolutionConfigurationPlatforms) = preSolution
		Debug|Any CPU = Debug|Any CPU
		Release|Any CPU = Release|Any CPU
	EndGlobalSection
	GlobalSection(ProjectConfigurationPlatforms) = postSolution
		{D79BEBCC-D4DB-4A68-8608-1097242C23FF}.Debug|Any CPU.ActiveCfg = Debug|Any CPU
		{D79BEBCC-D4DB-4A68-8608-1097242C23FF}.Debug|Any CPU.Build.0 = Debug|Any CPU
		{D79BEBCC-D4DB-4A68-8608-1097242C23FF}.Release|Any CPU.ActiveCfg = Release|Any CPU
		{D79BEBCC-D4DB-4A68-8608-1097242C23FF}.Release|Any CPU.Build.0 = Release|Any CPU
	EndGlobalSection
	GlobalSection(SolutionProperties) = preSolution
		HideSolutionNode = FALSE
	EndGlobalSection
	GlobalSection(ExtensibilityGlobals) = postSolution
		SolutionGuid = {EC2060E3-2D7F-4EDF-B573-E54AAC555CB4}
	EndGlobalSection
EndGlobal
